
Microsoft Visual Studio Solution File, Format Version 12.00
# Visual Studio Version 16
VisualStudioVersion = 16.0.31911.196
MinimumVisualStudioVersion = 10.0.40219.1
Project("{FAE04EC0-301F-11D3-BF4B-00C04F79EFBC}") = "Skateshop", "Skateshop\Skateshop.csproj", "{6A19C376-44C7-4BA0-A1D1-5BED927C8F01}"
EndProject
Global
	GlobalSection(SolutionConfigurationPlatforms) = preSolution
		Debug|Any CPU = Debug|Any CPU
		Release|Any CPU = Release|Any CPU
	EndGlobalSection
	GlobalSection(ProjectConfigurationPlatforms) = postSolution
		{6A19C376-44C7-4BA0-A1D1-5BED927C8F01}.Debug|Any CPU.ActiveCfg = Debug|Any CPU
		{6A19C376-44C7-4BA0-A1D1-5BED927C8F01}.Debug|Any CPU.Build.0 = Debug|Any CPU
		{6A19C376-44C7-4BA0-A1D1-5BED927C8F01}.Release|Any CPU.ActiveCfg = Release|Any CPU
		{6A19C376-44C7-4BA0-A1D1-5BED927C8F01}.Release|Any CPU.Build.0 = Release|Any CPU
	EndGlobalSection
	GlobalSection(SolutionProperties) = preSolution
		HideSolutionNode = FALSE
	EndGlobalSection
	GlobalSection(ExtensibilityGlobals) = postSolution
		SolutionGuid = {EF21F864-5975-422D-800B-6485F28F4BB5}
	EndGlobalSection
EndGlobal
